
Microsoft Visual Studio Solution File, Format Version 12.00
# Visual Studio Version 17
VisualStudioVersion = 17.8.34330.188
MinimumVisualStudioVersion = 10.0.40219.1
Project("{FAE04EC0-301F-11D3-BF4B-00C04F79EFBC}") = "BookClub2", "BookClub2\BookClub2.csproj", "{800CC1BE-975D-4ED0-881C-736433985130}"
EndProject
Global
	GlobalSection(SolutionConfigurationPlatforms) = preSolution
		Debug|Any CPU = Debug|Any CPU
		Release|Any CPU = Release|Any CPU
	EndGlobalSection
	GlobalSection(ProjectConfigurationPlatforms) = postSolution
		{800CC1BE-975D-4ED0-881C-736433985130}.Debug|Any CPU.ActiveCfg = Debug|Any CPU
		{800CC1BE-975D-4ED0-881C-736433985130}.Debug|Any CPU.Build.0 = Debug|Any CPU
		{800CC1BE-975D-4ED0-881C-736433985130}.Release|Any CPU.ActiveCfg = Release|Any CPU
		{800CC1BE-975D-4ED0-881C-736433985130}.Release|Any CPU.Build.0 = Release|Any CPU
	EndGlobalSection
	GlobalSection(SolutionProperties) = preSolution
		HideSolutionNode = FALSE
	EndGlobalSection
	GlobalSection(ExtensibilityGlobals) = postSolution
		SolutionGuid = {4E1203C3-3C50-4F34-BAA9-2EF966486024}
	EndGlobalSection
EndGlobal
